{
  "pins" : [
    {
      "identity" : "kingfisher",
      "kind" : "remoteSourceControl",
      "location" : "https://github.com/onevcat/Kingfisher.git",
      "state" : {
        "branch" : "master",
        "revision" : "40d7062bd9e6645f3bd5430e18565286f1223712"
      }
    }
  ],
  "version" : 2
}
