// !$*UTF8*$!
{
	archiveVersion = 1;
	classes = {
	};
	objectVersion = 55;
	objects = {

/* Begin PBXBuildFile section */
		9A77DB65290EA3980033F946 /* ErrorCase.swift in Sources */ = {isa = PBXBuildFile; fileRef = 9A77DB64290EA3980033F946 /* ErrorCase.swift */; };
		9AA969B12912AB67005ACE0A /* RestaurantCardView.swift in Sources */ = {isa = PBXBuildFile; fileRef = 9AA969B02912AB67005ACE0A /* RestaurantCardView.swift */; };
		A908825528C57BA6006FA849 /* NotionDataDTO.swift in Sources */ = {isa = PBXBuildFile; fileRef = A908825428C57BA6006FA849 /* NotionDataDTO.swift */; };
		A9140C4B2820FD7900CC2DCA /* FavoriteButton.swift in Sources */ = {isa = PBXBuildFile; fileRef = A9140C4A2820FD7900CC2DCA /* FavoriteButton.swift */; };
		A9274EC028221AF700E99F2F /* RestaurantInfoView.swift in Sources */ = {isa = PBXBuildFile; fileRef = A9274EBF28221AF700E99F2F /* RestaurantInfoView.swift */; };
		A9274EC22822600100E99F2F /* ColorData.swift in Sources */ = {isa = PBXBuildFile; fileRef = A9274EC12822600100E99F2F /* ColorData.swift */; };
		A93A010E281E324A0069B86A /* TextModifier.swift in Sources */ = {isa = PBXBuildFile; fileRef = A93A010D281E324A0069B86A /* TextModifier.swift */; };
		A93A0112281E39860069B86A /* ImageModifier.swift in Sources */ = {isa = PBXBuildFile; fileRef = A93A0111281E39860069B86A /* ImageModifier.swift */; };
		A93A0114281E46D00069B86A /* ButtonModifier.swift in Sources */ = {isa = PBXBuildFile; fileRef = A93A0113281E46D00069B86A /* ButtonModifier.swift */; };
		A93D641928E71C1800D65901 /* CategoryData.swift in Sources */ = {isa = PBXBuildFile; fileRef = A93D641828E71C1800D65901 /* CategoryData.swift */; };
		A9659F9928E5DF07000196F1 /* NukeUI in Frameworks */ = {isa = PBXBuildFile; productRef = A9659F9828E5DF07000196F1 /* NukeUI */; };
		A9659F9C28E5EAA5000196F1 /* WhatToEatAppExtension.swift in Sources */ = {isa = PBXBuildFile; fileRef = A9659F9B28E5EAA5000196F1 /* WhatToEatAppExtension.swift */; };
		A9659F9E28E5EC57000196F1 /* RestaurantListViewExtension.swift in Sources */ = {isa = PBXBuildFile; fileRef = A9659F9D28E5EC57000196F1 /* RestaurantListViewExtension.swift */; };
		A998B4C028DDD30000C593B3 /* FoodListViewExtension.swift in Sources */ = {isa = PBXBuildFile; fileRef = A998B4BF28DDD30000C593B3 /* FoodListViewExtension.swift */; };
		A9B96083281C10F2004779A6 /* WhatToEatApp.swift in Sources */ = {isa = PBXBuildFile; fileRef = A9B96082281C10F2004779A6 /* WhatToEatApp.swift */; };
		A9B96085281C10F2004779A6 /* MainTabView.swift in Sources */ = {isa = PBXBuildFile; fileRef = A9B96084281C10F2004779A6 /* MainTabView.swift */; };
		A9B96087281C10F3004779A6 /* Assets.xcassets in Resources */ = {isa = PBXBuildFile; fileRef = A9B96086281C10F3004779A6 /* Assets.xcassets */; };
		A9B9608A281C10F3004779A6 /* Preview Assets.xcassets in Resources */ = {isa = PBXBuildFile; fileRef = A9B96089281C10F3004779A6 /* Preview Assets.xcassets */; };
		A9B96091281C1149004779A6 /* RecommendView.swift in Sources */ = {isa = PBXBuildFile; fileRef = A9B96090281C1149004779A6 /* RecommendView.swift */; };
		A9B96095281C17AB004779A6 /* RestaurantListViewModel.swift in Sources */ = {isa = PBXBuildFile; fileRef = A9B96094281C17AB004779A6 /* RestaurantListViewModel.swift */; };
		A9BDE9C5281F5D1C0061C6A3 /* RestaurantListView.swift in Sources */ = {isa = PBXBuildFile; fileRef = A9BDE9C4281F5D1C0061C6A3 /* RestaurantListView.swift */; };
		A9BDE9C7281F5D350061C6A3 /* FavoriteRestaurantView.swift in Sources */ = {isa = PBXBuildFile; fileRef = A9BDE9C6281F5D350061C6A3 /* FavoriteRestaurantView.swift */; };
		A9C2DB312823F98700CE7D00 /* NoRecommendationView.swift in Sources */ = {isa = PBXBuildFile; fileRef = A9C2DB302823F98700CE7D00 /* NoRecommendationView.swift */; };
		A9E2B25B28DC38AB0057E064 /* RecommendViewExtension.swift in Sources */ = {isa = PBXBuildFile; fileRef = A9E2B25A28DC38AB0057E064 /* RecommendViewExtension.swift */; };
		A9F3D197281F7DE800844B39 /* RestaurantInfoRow.swift in Sources */ = {isa = PBXBuildFile; fileRef = A9F3D196281F7DE800844B39 /* RestaurantInfoRow.swift */; };
/* End PBXBuildFile section */

/* Begin PBXFileReference section */
		9A77DB64290EA3980033F946 /* ErrorCase.swift */ = {isa = PBXFileReference; lastKnownFileType = sourcecode.swift; path = ErrorCase.swift; sourceTree = "<group>"; };
		9AA969B02912AB67005ACE0A /* RestaurantCardView.swift */ = {isa = PBXFileReference; lastKnownFileType = sourcecode.swift; path = RestaurantCardView.swift; sourceTree = "<group>"; };
		A908825428C57BA6006FA849 /* NotionDataDTO.swift */ = {isa = PBXFileReference; lastKnownFileType = sourcecode.swift; path = NotionDataDTO.swift; sourceTree = "<group>"; };
		A9140C4A2820FD7900CC2DCA /* FavoriteButton.swift */ = {isa = PBXFileReference; lastKnownFileType = sourcecode.swift; path = FavoriteButton.swift; sourceTree = "<group>"; };
		A9274EBF28221AF700E99F2F /* RestaurantInfoView.swift */ = {isa = PBXFileReference; lastKnownFileType = sourcecode.swift; path = RestaurantInfoView.swift; sourceTree = "<group>"; };
		A9274EC12822600100E99F2F /* ColorData.swift */ = {isa = PBXFileReference; lastKnownFileType = sourcecode.swift; path = ColorData.swift; sourceTree = "<group>"; };
		A93A010D281E324A0069B86A /* TextModifier.swift */ = {isa = PBXFileReference; lastKnownFileType = sourcecode.swift; path = TextModifier.swift; sourceTree = "<group>"; };
		A93A0111281E39860069B86A /* ImageModifier.swift */ = {isa = PBXFileReference; lastKnownFileType = sourcecode.swift; path = ImageModifier.swift; sourceTree = "<group>"; };
		A93A0113281E46D00069B86A /* ButtonModifier.swift */ = {isa = PBXFileReference; lastKnownFileType = sourcecode.swift; path = ButtonModifier.swift; sourceTree = "<group>"; };
		A93D641828E71C1800D65901 /* CategoryData.swift */ = {isa = PBXFileReference; lastKnownFileType = sourcecode.swift; path = CategoryData.swift; sourceTree = "<group>"; };
		A95C5B8528E9BFD300EACCBC /* WhatToEat--Info.plist */ = {isa = PBXFileReference; lastKnownFileType = text.plist; path = "WhatToEat--Info.plist"; sourceTree = SOURCE_ROOT; };
		A9659F9B28E5EAA5000196F1 /* WhatToEatAppExtension.swift */ = {isa = PBXFileReference; lastKnownFileType = sourcecode.swift; path = WhatToEatAppExtension.swift; sourceTree = "<group>"; };
		A9659F9D28E5EC57000196F1 /* RestaurantListViewExtension.swift */ = {isa = PBXFileReference; lastKnownFileType = sourcecode.swift; path = RestaurantListViewExtension.swift; sourceTree = "<group>"; };
		A998B4BF28DDD30000C593B3 /* FoodListViewExtension.swift */ = {isa = PBXFileReference; lastKnownFileType = sourcecode.swift; path = FoodListViewExtension.swift; sourceTree = "<group>"; };
		A9B9607F281C10F2004779A6 /* WhatToEat?.app */ = {isa = PBXFileReference; explicitFileType = wrapper.application; includeInIndex = 0; path = "WhatToEat?.app"; sourceTree = BUILT_PRODUCTS_DIR; };
		A9B96082281C10F2004779A6 /* WhatToEatApp.swift */ = {isa = PBXFileReference; lastKnownFileType = sourcecode.swift; path = WhatToEatApp.swift; sourceTree = "<group>"; };
		A9B96084281C10F2004779A6 /* MainTabView.swift */ = {isa = PBXFileReference; lastKnownFileType = sourcecode.swift; path = MainTabView.swift; sourceTree = "<group>"; };
		A9B96086281C10F3004779A6 /* Assets.xcassets */ = {isa = PBXFileReference; lastKnownFileType = folder.assetcatalog; path = Assets.xcassets; sourceTree = "<group>"; };
		A9B96089281C10F3004779A6 /* Preview Assets.xcassets */ = {isa = PBXFileReference; lastKnownFileType = folder.assetcatalog; path = "Preview Assets.xcassets"; sourceTree = "<group>"; };
		A9B96090281C1149004779A6 /* RecommendView.swift */ = {isa = PBXFileReference; lastKnownFileType = sourcecode.swift; path = RecommendView.swift; sourceTree = "<group>"; };
		A9B96094281C17AB004779A6 /* RestaurantListViewModel.swift */ = {isa = PBXFileReference; lastKnownFileType = sourcecode.swift; path = RestaurantListViewModel.swift; sourceTree = "<group>"; };
		A9BDE9C4281F5D1C0061C6A3 /* RestaurantListView.swift */ = {isa = PBXFileReference; lastKnownFileType = sourcecode.swift; path = RestaurantListView.swift; sourceTree = "<group>"; };
		A9BDE9C6281F5D350061C6A3 /* FavoriteRestaurantView.swift */ = {isa = PBXFileReference; lastKnownFileType = sourcecode.swift; path = FavoriteRestaurantView.swift; sourceTree = "<group>"; };
		A9C2DB302823F98700CE7D00 /* NoRecommendationView.swift */ = {isa = PBXFileReference; lastKnownFileType = sourcecode.swift; path = NoRecommendationView.swift; sourceTree = "<group>"; };
		A9E2B25A28DC38AB0057E064 /* RecommendViewExtension.swift */ = {isa = PBXFileReference; lastKnownFileType = sourcecode.swift; path = RecommendViewExtension.swift; sourceTree = "<group>"; };
		A9F3D196281F7DE800844B39 /* RestaurantInfoRow.swift */ = {isa = PBXFileReference; lastKnownFileType = sourcecode.swift; path = RestaurantInfoRow.swift; sourceTree = "<group>"; };
/* End PBXFileReference section */

/* Begin PBXFrameworksBuildPhase section */
		A9B9607C281C10F2004779A6 /* Frameworks */ = {
			isa = PBXFrameworksBuildPhase;
			buildActionMask = 2147483647;
			files = (
				A9659F9928E5DF07000196F1 /* NukeUI in Frameworks */,
			);
			runOnlyForDeploymentPostprocessing = 0;
		};
/* End PBXFrameworksBuildPhase section */

/* Begin PBXGroup section */
		9A77DB62290E9F640033F946 /* ViewExtensions */ = {
			isa = PBXGroup;
			children = (
				A9E2B25A28DC38AB0057E064 /* RecommendViewExtension.swift */,
				A9659F9D28E5EC57000196F1 /* RestaurantListViewExtension.swift */,
				A998B4BF28DDD30000C593B3 /* FoodListViewExtension.swift */,
				A9659F9B28E5EAA5000196F1 /* WhatToEatAppExtension.swift */,
			);
			path = ViewExtensions;
			sourceTree = "<group>";
		};
		9A77DB63290EA38D0033F946 /* Network */ = {
			isa = PBXGroup;
			children = (
				9A77DB64290EA3980033F946 /* ErrorCase.swift */,
			);
			path = Network;
			sourceTree = "<group>";
		};
		A9659F9A28E5E890000196F1 /* Model */ = {
			isa = PBXGroup;
			children = (
				A908825428C57BA6006FA849 /* NotionDataDTO.swift */,
				A93D641828E71C1800D65901 /* CategoryData.swift */,
				9AA969B02912AB67005ACE0A /* RestaurantCardView.swift */,
			);
			path = Model;
			sourceTree = "<group>";
		};
		A9B96076281C10F2004779A6 = {
			isa = PBXGroup;
			children = (
				A9B96081281C10F2004779A6 /* WhatToEat? */,
				A9B96080281C10F2004779A6 /* Products */,
			);
			sourceTree = "<group>";
		};
		A9B96080281C10F2004779A6 /* Products */ = {
			isa = PBXGroup;
			children = (
				A9B9607F281C10F2004779A6 /* WhatToEat?.app */,
			);
			name = Products;
			sourceTree = "<group>";
		};
		A9B96081281C10F2004779A6 /* WhatToEat? */ = {
			isa = PBXGroup;
			children = (
				9A77DB63290EA38D0033F946 /* Network */,
				A95C5B8528E9BFD300EACCBC /* WhatToEat--Info.plist */,
				A9B96082281C10F2004779A6 /* WhatToEatApp.swift */,
				A9F3D198281F89F400844B39 /* Views */,
				A9659F9A28E5E890000196F1 /* Model */,
				A9EC6C37281FCB4700CD5B1E /* ViewModel */,
				A9BDE9C9281F5D5F0061C6A3 /* Modifer+Color */,
				A9B96086281C10F3004779A6 /* Assets.xcassets */,
				A9B96088281C10F3004779A6 /* Preview Content */,
			);
			path = "WhatToEat?";
			sourceTree = "<group>";
		};
		A9B96088281C10F3004779A6 /* Preview Content */ = {
			isa = PBXGroup;
			children = (
				A9B96089281C10F3004779A6 /* Preview Assets.xcassets */,
			);
			path = "Preview Content";
			sourceTree = "<group>";
		};
		A9BDE9C9281F5D5F0061C6A3 /* Modifer+Color */ = {
			isa = PBXGroup;
			children = (
				A9274EC12822600100E99F2F /* ColorData.swift */,
				A93A0111281E39860069B86A /* ImageModifier.swift */,
				A93A0113281E46D00069B86A /* ButtonModifier.swift */,
				A93A010D281E324A0069B86A /* TextModifier.swift */,
			);
			path = "Modifer+Color";
			sourceTree = "<group>";
		};
		A9EC6C37281FCB4700CD5B1E /* ViewModel */ = {
			isa = PBXGroup;
			children = (
				A9B96094281C17AB004779A6 /* RestaurantListViewModel.swift */,
			);
			path = ViewModel;
			sourceTree = "<group>";
		};
		A9F3D198281F89F400844B39 /* Views */ = {
			isa = PBXGroup;
			children = (
				9A77DB62290E9F640033F946 /* ViewExtensions */,
				A9B96084281C10F2004779A6 /* MainTabView.swift */,
				A9B96090281C1149004779A6 /* RecommendView.swift */,
				A9BDE9C4281F5D1C0061C6A3 /* RestaurantListView.swift */,
				A9BDE9C6281F5D350061C6A3 /* FavoriteRestaurantView.swift */,
				A9274EBF28221AF700E99F2F /* RestaurantInfoView.swift */,
				A9F3D196281F7DE800844B39 /* RestaurantInfoRow.swift */,
				A9C2DB302823F98700CE7D00 /* NoRecommendationView.swift */,
				A9140C4A2820FD7900CC2DCA /* FavoriteButton.swift */,
			);
			path = Views;
			sourceTree = "<group>";
		};
/* End PBXGroup section */

/* Begin PBXNativeTarget section */
		A9B9607E281C10F2004779A6 /* WhatToEat? */ = {
			isa = PBXNativeTarget;
			buildConfigurationList = A9B9608D281C10F3004779A6 /* Build configuration list for PBXNativeTarget "WhatToEat?" */;
			buildPhases = (
				A9B9607B281C10F2004779A6 /* Sources */,
				A9B9607C281C10F2004779A6 /* Frameworks */,
				A9B9607D281C10F2004779A6 /* Resources */,
			);
			buildRules = (
			);
			dependencies = (
			);
			name = "WhatToEat?";
			packageProductDependencies = (
				A9659F9828E5DF07000196F1 /* NukeUI */,
			);
			productName = "WhatToEat?";
			productReference = A9B9607F281C10F2004779A6 /* WhatToEat?.app */;
			productType = "com.apple.product-type.application";
		};
/* End PBXNativeTarget section */

/* Begin PBXProject section */
		A9B96077281C10F2004779A6 /* Project object */ = {
			isa = PBXProject;
			attributes = {
				BuildIndependentTargetsInParallel = 1;
				LastSwiftUpdateCheck = 1330;
				LastUpgradeCheck = 1330;
				TargetAttributes = {
					A9B9607E281C10F2004779A6 = {
						CreatedOnToolsVersion = 13.3.1;
					};
				};
			};
			buildConfigurationList = A9B9607A281C10F2004779A6 /* Build configuration list for PBXProject "WhatToEat?" */;
			compatibilityVersion = "Xcode 13.0";
			developmentRegion = en;
			hasScannedForEncodings = 0;
			knownRegions = (
				en,
				Base,
			);
			mainGroup = A9B96076281C10F2004779A6;
			packageReferences = (
				A9659F9728E5DF07000196F1 /* XCRemoteSwiftPackageReference "NukeUI" */,
			);
			productRefGroup = A9B96080281C10F2004779A6 /* Products */;
			projectDirPath = "";
			projectRoot = "";
			targets = (
				A9B9607E281C10F2004779A6 /* WhatToEat? */,
			);
		};
/* End PBXProject section */

/* Begin PBXResourcesBuildPhase section */
		A9B9607D281C10F2004779A6 /* Resources */ = {
			isa = PBXResourcesBuildPhase;
			buildActionMask = 2147483647;
			files = (
				A9B9608A281C10F3004779A6 /* Preview Assets.xcassets in Resources */,
				A9B96087281C10F3004779A6 /* Assets.xcassets in Resources */,
			);
			runOnlyForDeploymentPostprocessing = 0;
		};
/* End PBXResourcesBuildPhase section */

/* Begin PBXSourcesBuildPhase section */
		A9B9607B281C10F2004779A6 /* Sources */ = {
			isa = PBXSourcesBuildPhase;
			buildActionMask = 2147483647;
			files = (
				A9BDE9C7281F5D350061C6A3 /* FavoriteRestaurantView.swift in Sources */,
				9AA969B12912AB67005ACE0A /* RestaurantCardView.swift in Sources */,
				A93D641928E71C1800D65901 /* CategoryData.swift in Sources */,
				A998B4C028DDD30000C593B3 /* FoodListViewExtension.swift in Sources */,
				A908825528C57BA6006FA849 /* NotionDataDTO.swift in Sources */,
				A93A0112281E39860069B86A /* ImageModifier.swift in Sources */,
				9A77DB65290EA3980033F946 /* ErrorCase.swift in Sources */,
				A9B96085281C10F2004779A6 /* MainTabView.swift in Sources */,
				A9C2DB312823F98700CE7D00 /* NoRecommendationView.swift in Sources */,
				A9BDE9C5281F5D1C0061C6A3 /* RestaurantListView.swift in Sources */,
				A9659F9C28E5EAA5000196F1 /* WhatToEatAppExtension.swift in Sources */,
				A9274EC028221AF700E99F2F /* RestaurantInfoView.swift in Sources */,
				A9659F9E28E5EC57000196F1 /* RestaurantListViewExtension.swift in Sources */,
				A9B96083281C10F2004779A6 /* WhatToEatApp.swift in Sources */,
				A9E2B25B28DC38AB0057E064 /* RecommendViewExtension.swift in Sources */,
				A9B96095281C17AB004779A6 /* RestaurantListViewModel.swift in Sources */,
				A93A010E281E324A0069B86A /* TextModifier.swift in Sources */,
				A9B96091281C1149004779A6 /* RecommendView.swift in Sources */,
				A9F3D197281F7DE800844B39 /* RestaurantInfoRow.swift in Sources */,
				A9140C4B2820FD7900CC2DCA /* FavoriteButton.swift in Sources */,
				A9274EC22822600100E99F2F /* ColorData.swift in Sources */,
				A93A0114281E46D00069B86A /* ButtonModifier.swift in Sources */,
			);
			runOnlyForDeploymentPostprocessing = 0;
		};
/* End PBXSourcesBuildPhase section */

/* Begin XCBuildConfiguration section */
		A9B9608B281C10F3004779A6 /* Debug */ = {
			isa = XCBuildConfiguration;
			buildSettings = {
				ALWAYS_SEARCH_USER_PATHS = NO;
				ASSETCATALOG_COMPILER_INCLUDE_ALL_APPICON_ASSETS = YES;
				CLANG_ANALYZER_NONNULL = YES;
				CLANG_ANALYZER_NUMBER_OBJECT_CONVERSION = YES_AGGRESSIVE;
				CLANG_CXX_LANGUAGE_STANDARD = "gnu++17";
				CLANG_ENABLE_MODULES = YES;
				CLANG_ENABLE_OBJC_ARC = YES;
				CLANG_ENABLE_OBJC_WEAK = YES;
				CLANG_WARN_BLOCK_CAPTURE_AUTORELEASING = YES;
				CLANG_WARN_BOOL_CONVERSION = YES;
				CLANG_WARN_COMMA = YES;
				CLANG_WARN_CONSTANT_CONVERSION = YES;
				CLANG_WARN_DEPRECATED_OBJC_IMPLEMENTATIONS = YES;
				CLANG_WARN_DIRECT_OBJC_ISA_USAGE = YES_ERROR;
				CLANG_WARN_DOCUMENTATION_COMMENTS = YES;
				CLANG_WARN_EMPTY_BODY = YES;
				CLANG_WARN_ENUM_CONVERSION = YES;
				CLANG_WARN_INFINITE_RECURSION = YES;
				CLANG_WARN_INT_CONVERSION = YES;
				CLANG_WARN_NON_LITERAL_NULL_CONVERSION = YES;
				CLANG_WARN_OBJC_IMPLICIT_RETAIN_SELF = YES;
				CLANG_WARN_OBJC_LITERAL_CONVERSION = YES;
				CLANG_WARN_OBJC_ROOT_CLASS = YES_ERROR;
				CLANG_WARN_QUOTED_INCLUDE_IN_FRAMEWORK_HEADER = YES;
				CLANG_WARN_RANGE_LOOP_ANALYSIS = YES;
				CLANG_WARN_STRICT_PROTOTYPES = YES;
				CLANG_WARN_SUSPICIOUS_MOVE = YES;
				CLANG_WARN_UNGUARDED_AVAILABILITY = YES_AGGRESSIVE;
				CLANG_WARN_UNREACHABLE_CODE = YES;
				CLANG_WARN__DUPLICATE_METHOD_MATCH = YES;
				COPY_PHASE_STRIP = NO;
				DEBUG_INFORMATION_FORMAT = dwarf;
				ENABLE_STRICT_OBJC_MSGSEND = YES;
				ENABLE_TESTABILITY = YES;
				GCC_C_LANGUAGE_STANDARD = gnu11;
				GCC_DYNAMIC_NO_PIC = NO;
				GCC_NO_COMMON_BLOCKS = YES;
				GCC_OPTIMIZATION_LEVEL = 0;
				GCC_PREPROCESSOR_DEFINITIONS = (
					"DEBUG=1",
					"$(inherited)",
				);
				GCC_WARN_64_TO_32_BIT_CONVERSION = YES;
				GCC_WARN_ABOUT_RETURN_TYPE = YES_ERROR;
				GCC_WARN_UNDECLARED_SELECTOR = YES;
				GCC_WARN_UNINITIALIZED_AUTOS = YES_AGGRESSIVE;
				GCC_WARN_UNUSED_FUNCTION = YES;
				GCC_WARN_UNUSED_VARIABLE = YES;
				INFOPLIST_KEY_LSApplicationCategoryType = "public.app-category.developer-tools";
				IPHONEOS_DEPLOYMENT_TARGET = 15.0;
				MTL_ENABLE_DEBUG_INFO = INCLUDE_SOURCE;
				MTL_FAST_MATH = YES;
				ONLY_ACTIVE_ARCH = YES;
				SDKROOT = iphoneos;
				SWIFT_ACTIVE_COMPILATION_CONDITIONS = DEBUG;
				SWIFT_OPTIMIZATION_LEVEL = "-Onone";
			};
			name = Debug;
		};
		A9B9608C281C10F3004779A6 /* Release */ = {
			isa = XCBuildConfiguration;
			buildSettings = {
				ALWAYS_SEARCH_USER_PATHS = NO;
				ASSETCATALOG_COMPILER_INCLUDE_ALL_APPICON_ASSETS = YES;
				CLANG_ANALYZER_NONNULL = YES;
				CLANG_ANALYZER_NUMBER_OBJECT_CONVERSION = YES_AGGRESSIVE;
				CLANG_CXX_LANGUAGE_STANDARD = "gnu++17";
				CLANG_ENABLE_MODULES = YES;
				CLANG_ENABLE_OBJC_ARC = YES;
				CLANG_ENABLE_OBJC_WEAK = YES;
				CLANG_WARN_BLOCK_CAPTURE_AUTORELEASING = YES;
				CLANG_WARN_BOOL_CONVERSION = YES;
				CLANG_WARN_COMMA = YES;
				CLANG_WARN_CONSTANT_CONVERSION = YES;
				CLANG_WARN_DEPRECATED_OBJC_IMPLEMENTATIONS = YES;
				CLANG_WARN_DIRECT_OBJC_ISA_USAGE = YES_ERROR;
				CLANG_WARN_DOCUMENTATION_COMMENTS = YES;
				CLANG_WARN_EMPTY_BODY = YES;
				CLANG_WARN_ENUM_CONVERSION = YES;
				CLANG_WARN_INFINITE_RECURSION = YES;
				CLANG_WARN_INT_CONVERSION = YES;
				CLANG_WARN_NON_LITERAL_NULL_CONVERSION = YES;
				CLANG_WARN_OBJC_IMPLICIT_RETAIN_SELF = YES;
				CLANG_WARN_OBJC_LITERAL_CONVERSION = YES;
				CLANG_WARN_OBJC_ROOT_CLASS = YES_ERROR;
				CLANG_WARN_QUOTED_INCLUDE_IN_FRAMEWORK_HEADER = YES;
				CLANG_WARN_RANGE_LOOP_ANALYSIS = YES;
				CLANG_WARN_STRICT_PROTOTYPES = YES;
				CLANG_WARN_SUSPICIOUS_MOVE = YES;
				CLANG_WARN_UNGUARDED_AVAILABILITY = YES_AGGRESSIVE;
				CLANG_WARN_UNREACHABLE_CODE = YES;
				CLANG_WARN__DUPLICATE_METHOD_MATCH = YES;
				COPY_PHASE_STRIP = NO;
				DEBUG_INFORMATION_FORMAT = "dwarf-with-dsym";
				ENABLE_NS_ASSERTIONS = NO;
				ENABLE_STRICT_OBJC_MSGSEND = YES;
				GCC_C_LANGUAGE_STANDARD = gnu11;
				GCC_NO_COMMON_BLOCKS = YES;
				GCC_WARN_64_TO_32_BIT_CONVERSION = YES;
				GCC_WARN_ABOUT_RETURN_TYPE = YES_ERROR;
				GCC_WARN_UNDECLARED_SELECTOR = YES;
				GCC_WARN_UNINITIALIZED_AUTOS = YES_AGGRESSIVE;
				GCC_WARN_UNUSED_FUNCTION = YES;
				GCC_WARN_UNUSED_VARIABLE = YES;
				INFOPLIST_KEY_LSApplicationCategoryType = "public.app-category.developer-tools";
				"INFOPLIST_KEY_UIUserInterfaceStyle[sdk=*]" = "";
				IPHONEOS_DEPLOYMENT_TARGET = 15.0;
				MTL_ENABLE_DEBUG_INFO = NO;
				MTL_FAST_MATH = YES;
				SDKROOT = iphoneos;
				SWIFT_COMPILATION_MODE = wholemodule;
				SWIFT_OPTIMIZATION_LEVEL = "-O";
				VALIDATE_PRODUCT = YES;
			};
			name = Release;
		};
		A9B9608E281C10F3004779A6 /* Debug */ = {
			isa = XCBuildConfiguration;
			buildSettings = {
				ASSETCATALOG_COMPILER_APPICON_NAME = AppIcon;
				ASSETCATALOG_COMPILER_GLOBAL_ACCENT_COLOR_NAME = AccentColor;
				CODE_SIGN_STYLE = Automatic;
				CURRENT_PROJECT_VERSION = 2;
				DEVELOPMENT_ASSET_PATHS = "\"WhatToEat?/Preview Content\"";
				DEVELOPMENT_TEAM = YYP248S73Y;
				ENABLE_PREVIEWS = YES;
				GENERATE_INFOPLIST_FILE = YES;
				INFOPLIST_FILE = "WhatToEat--Info.plist";
				INFOPLIST_KEY_LSApplicationCategoryType = "";
				INFOPLIST_KEY_UIApplicationSceneManifest_Generation = YES;
				INFOPLIST_KEY_UIApplicationSupportsIndirectInputEvents = YES;
				INFOPLIST_KEY_UIStatusBarStyle = UIStatusBarStyleLightContent;
				INFOPLIST_KEY_UISupportedInterfaceOrientations = UIInterfaceOrientationPortrait;
				INFOPLIST_KEY_UISupportedInterfaceOrientations_iPad = "UIInterfaceOrientationLandscapeLeft UIInterfaceOrientationLandscapeRight UIInterfaceOrientationPortrait UIInterfaceOrientationPortraitUpsideDown";
				INFOPLIST_KEY_UIUserInterfaceStyle = Light;
				IPHONEOS_DEPLOYMENT_TARGET = 15.0;
				LD_RUNPATH_SEARCH_PATHS = (
					"$(inherited)",
					"@executable_path/Frameworks",
				);
				MARKETING_VERSION = 2.0;
				PRODUCT_BUNDLE_IDENTIFIER = "com.JisuJang.WhatToEat-";
				PRODUCT_NAME = "$(TARGET_NAME)";
				SWIFT_EMIT_LOC_STRINGS = YES;
				SWIFT_VERSION = 5.0;
				TARGETED_DEVICE_FAMILY = 1;
			};
			name = Debug;
		};
		A9B9608F281C10F3004779A6 /* Release */ = {
			isa = XCBuildConfiguration;
			buildSettings = {
				ASSETCATALOG_COMPILER_APPICON_NAME = AppIcon;
				ASSETCATALOG_COMPILER_GLOBAL_ACCENT_COLOR_NAME = AccentColor;
				CODE_SIGN_STYLE = Automatic;
				CURRENT_PROJECT_VERSION = 2;
				DEVELOPMENT_ASSET_PATHS = "\"WhatToEat?/Preview Content\"";
				DEVELOPMENT_TEAM = YYP248S73Y;
				ENABLE_PREVIEWS = YES;
				GENERATE_INFOPLIST_FILE = YES;
				INFOPLIST_FILE = "WhatToEat--Info.plist";
				INFOPLIST_KEY_LSApplicationCategoryType = "";
				INFOPLIST_KEY_UIApplicationSceneManifest_Generation = YES;
				INFOPLIST_KEY_UIApplicationSupportsIndirectInputEvents = YES;
				INFOPLIST_KEY_UIStatusBarStyle = UIStatusBarStyleLightContent;
				INFOPLIST_KEY_UISupportedInterfaceOrientations = UIInterfaceOrientationPortrait;
				INFOPLIST_KEY_UISupportedInterfaceOrientations_iPad = "UIInterfaceOrientationLandscapeLeft UIInterfaceOrientationLandscapeRight UIInterfaceOrientationPortrait UIInterfaceOrientationPortraitUpsideDown";
				INFOPLIST_KEY_UIUserInterfaceStyle = Light;
				IPHONEOS_DEPLOYMENT_TARGET = 15.0;
				LD_RUNPATH_SEARCH_PATHS = (
					"$(inherited)",
					"@executable_path/Frameworks",
				);
				MARKETING_VERSION = 2.0;
				PRODUCT_BUNDLE_IDENTIFIER = "com.JisuJang.WhatToEat-";
				PRODUCT_NAME = "$(TARGET_NAME)";
				SWIFT_EMIT_LOC_STRINGS = YES;
				SWIFT_VERSION = 5.0;
				TARGETED_DEVICE_FAMILY = 1;
			};
			name = Release;
		};
/* End XCBuildConfiguration section */

/* Begin XCConfigurationList section */
		A9B9607A281C10F2004779A6 /* Build configuration list for PBXProject "WhatToEat?" */ = {
			isa = XCConfigurationList;
			buildConfigurations = (
				A9B9608B281C10F3004779A6 /* Debug */,
				A9B9608C281C10F3004779A6 /* Release */,
			);
			defaultConfigurationIsVisible = 0;
			defaultConfigurationName = Release;
		};
		A9B9608D281C10F3004779A6 /* Build configuration list for PBXNativeTarget "WhatToEat?" */ = {
			isa = XCConfigurationList;
			buildConfigurations = (
				A9B9608E281C10F3004779A6 /* Debug */,
				A9B9608F281C10F3004779A6 /* Release */,
			);
			defaultConfigurationIsVisible = 0;
			defaultConfigurationName = Release;
		};
/* End XCConfigurationList section */

/* Begin XCRemoteSwiftPackageReference section */
		A9659F9728E5DF07000196F1 /* XCRemoteSwiftPackageReference "NukeUI" */ = {
			isa = XCRemoteSwiftPackageReference;
			repositoryURL = "https://github.com/kean/NukeUI.git";
			requirement = {
				branch = main;
				kind = branch;
			};
		};
/* End XCRemoteSwiftPackageReference section */

/* Begin XCSwiftPackageProductDependency section */
		A9659F9828E5DF07000196F1 /* NukeUI */ = {
			isa = XCSwiftPackageProductDependency;
			package = A9659F9728E5DF07000196F1 /* XCRemoteSwiftPackageReference "NukeUI" */;
			productName = NukeUI;
		};
/* End XCSwiftPackageProductDependency section */
	};
	rootObject = A9B96077281C10F2004779A6 /* Project object */;
}
